
Microsoft Visual Studio Solution File, Format Version 12.00
# Visual Studio Version 17
VisualStudioVersion = 17.9.34723.18
MinimumVisualStudioVersion = 10.0.40219.1
Project("{FAE04EC0-301F-11D3-BF4B-00C04F79EFBC}") = "WorkEx2", "WorkEx2\WorkEx2.csproj", "{1C95F859-5C4E-4364-A901-D98947FF1D64}"
EndProject
Global
	GlobalSection(SolutionConfigurationPlatforms) = preSolution
		Debug|Any CPU = Debug|Any CPU
		Release|Any CPU = Release|Any CPU
	EndGlobalSection
	GlobalSection(ProjectConfigurationPlatforms) = postSolution
		{1C95F859-5C4E-4364-A901-D98947FF1D64}.Debug|Any CPU.ActiveCfg = Debug|Any CPU
		{1C95F859-5C4E-4364-A901-D98947FF1D64}.Debug|Any CPU.Build.0 = Debug|Any CPU
		{1C95F859-5C4E-4364-A901-D98947FF1D64}.Release|Any CPU.ActiveCfg = Release|Any CPU
		{1C95F859-5C4E-4364-A901-D98947FF1D64}.Release|Any CPU.Build.0 = Release|Any CPU
	EndGlobalSection
	GlobalSection(SolutionProperties) = preSolution
		HideSolutionNode = FALSE
	EndGlobalSection
	GlobalSection(ExtensibilityGlobals) = postSolution
		SolutionGuid = {7672E5A0-334C-4A30-8286-CCD2B718C2FC}
	EndGlobalSection
EndGlobal
